{
  "name": "cobertura",
  "version": "1.0.3",
  "lockfileVersion": 3,
  "requires": true,
  "packages": {
    "": {
      "name": "cobertura",
      "version": "1.0.3",
      "license": "MIT",
      "devDependencies": {
        "@reporters/github": "^1.5.3",
        "cobertura": "^1.0.3"
      }
    },
    "node_modules/@actions/core": {
      "version": "1.10.1",
      "resolved": "https://registry.npmjs.org/@actions/core/-/core-1.10.1.tgz",
      "integrity": "sha512-3lBR9EDAY+iYIpTnTIXmWcNbX3T2kCkAEQGIQx4NVQ0575nk2k3GRZDTPQG+vVtS2izSLmINlxXf0uLtnrTP+g==",
      "dev": true,
      "dependencies": {
        "@actions/http-client": "^2.0.1",
        "uuid": "^8.3.2"
      }
    },
    "node_modules/@actions/http-client": {
      "version": "2.2.0",
      "resolved": "https://registry.npmjs.org/@actions/http-client/-/http-client-2.2.0.tgz",
      "integrity": "sha512-q+epW0trjVUUHboliPb4UF9g2msf+w61b32tAkFEwL/IwP0DQWgbCMM0Hbe3e3WXSKz5VcUXbzJQgy8Hkra/Lg==",
      "dev": true,
      "dependencies": {
        "tunnel": "^0.0.6",
        "undici": "^5.25.4"
      }
    },
    "node_modules/@fastify/busboy": {
      "version": "2.1.0",
      "resolved": "https://registry.npmjs.org/@fastify/busboy/-/busboy-2.1.0.tgz",
      "integrity": "sha512-+KpH+QxZU7O4675t3mnkQKcZZg56u+K/Ct2K+N2AZYNVK8kyeo/bI18tI8aPm3tvNNRyTWfj6s5tnGNlcbQRsA==",
      "dev": true,
      "engines": {
        "node": ">=14"
      }
    },
    "node_modules/@reporters/github": {
      "version": "1.5.3",
      "resolved": "https://registry.npmjs.org/@reporters/github/-/github-1.5.3.tgz",
      "integrity": "sha512-PIoLFSs/yAkBnuNEwYyQE8FE8V9fVZXWla/7vapVv5YCkk85Ql5fw3ryJpB17diGU+Q2NwpeahLQ2KhJDbn4xQ==",
      "dev": true,
      "dependencies": {
        "@actions/core": "^1.10.0",
        "stack-utils": "^2.0.6"
      }
    },
    "node_modules/cobertura": {
      "version": "1.0.3",
      "resolved": "https://registry.npmjs.org/cobertura/-/cobertura-1.0.3.tgz",
      "integrity": "sha512-PqEBzoLPiOB/xXKauzgZ3OW8oRzieb0PH8pAuAlKThE2t+1vJ4bbI7EG6misFYnxpcEgkDSt6NrvdG61xaidFA==",
      "dev": true,
      "license": "MIT"
    },
    "node_modules/escape-string-regexp": {
      "version": "2.0.0",
      "resolved": "https://registry.npmjs.org/escape-string-regexp/-/escape-string-regexp-2.0.0.tgz",
      "integrity": "sha512-UpzcLCXolUWcNu5HtVMHYdXJjArjsF9C0aNnquZYY4uW/Vu0miy5YoWvbV345HauVvcAUnpRuhMMcqTcGOY2+w==",
      "dev": true,
      "engines": {
        "node": ">=8"
      }
    },
    "node_modules/stack-utils": {
      "version": "2.0.6",
      "resolved": "https://registry.npmjs.org/stack-utils/-/stack-utils-2.0.6.tgz",
      "integrity": "sha512-XlkWvfIm6RmsWtNJx+uqtKLS8eqFbxUg0ZzLXqY0caEy9l7hruX8IpiDnjsLavoBgqCCR71TqWO8MaXYheJ3RQ==",
      "dev": true,
      "dependencies": {
        "escape-string-regexp": "^2.0.0"
      },
      "engines": {
        "node": ">=10"
      }
    },
    "node_modules/tunnel": {
      "version": "0.0.6",
      "resolved": "https://registry.npmjs.org/tunnel/-/tunnel-0.0.6.tgz",
      "integrity": "sha512-1h/Lnq9yajKY2PEbBadPXj3VxsDDu844OnaAo52UVmIzIvwwtBPIuNvkjuzBlTWpfJyUbG3ez0KSBibQkj4ojg==",
      "dev": true,
      "engines": {
        "node": ">=0.6.11 <=0.7.0 || >=0.7.3"
      }
    },
    "node_modules/undici": {
      "version": "5.27.2",
      "resolved": "https://registry.npmjs.org/undici/-/undici-5.27.2.tgz",
      "integrity": "sha512-iS857PdOEy/y3wlM3yRp+6SNQQ6xU0mmZcwRSriqk+et/cwWAtwmIGf6WkoDN2EK/AMdCO/dfXzIwi+rFMrjjQ==",
      "dev": true,
      "dependencies": {
        "@fastify/busboy": "^2.0.0"
      },
      "engines": {
        "node": ">=14.0"
      }
    },
    "node_modules/uuid": {
      "version": "8.3.2",
      "resolved": "https://registry.npmjs.org/uuid/-/uuid-8.3.2.tgz",
      "integrity": "sha512-+NYs2QeMWy+GWFOEm9xnn6HCDp0l7QBD7ml8zLUmJ+93Q5NF0NocErnwkTkXVFNiX3/fpC6afS8Dhb/gz7R7eg==",
      "dev": true,
      "bin": {
        "uuid": "dist/bin/uuid"
      }
    }
  }
}
